
Microsoft Visual Studio Solution File, Format Version 12.00
# Visual Studio 15
VisualStudioVersion = 15.0.28307.779
MinimumVisualStudioVersion = 10.0.40219.1
Project("{FAE04EC0-301F-11D3-BF4B-00C04F79EFBC}") = "GeoJson_demo", "GeoJson_demo\GeoJson_demo.csproj", "{C584AC0D-A1CA-4661-B88E-96002EF6D5A6}"
EndProject
Global
	GlobalSection(SolutionConfigurationPlatforms) = preSolution
		Debug|Any CPU = Debug|Any CPU
		Release|Any CPU = Release|Any CPU
	EndGlobalSection
	GlobalSection(ProjectConfigurationPlatforms) = postSolution
		{C584AC0D-A1CA-4661-B88E-96002EF6D5A6}.Debug|Any CPU.ActiveCfg = Debug|Any CPU
		{C584AC0D-A1CA-4661-B88E-96002EF6D5A6}.Debug|Any CPU.Build.0 = Debug|Any CPU
		{C584AC0D-A1CA-4661-B88E-96002EF6D5A6}.Release|Any CPU.ActiveCfg = Release|Any CPU
		{C584AC0D-A1CA-4661-B88E-96002EF6D5A6}.Release|Any CPU.Build.0 = Release|Any CPU
	EndGlobalSection
	GlobalSection(SolutionProperties) = preSolution
		HideSolutionNode = FALSE
	EndGlobalSection
	GlobalSection(ExtensibilityGlobals) = postSolution
		SolutionGuid = {FBE4F435-2481-4A86-8DFE-EE3F13267852}
	EndGlobalSection
EndGlobal
